
Microsoft Visual Studio Solution File, Format Version 12.00
# Visual Studio 15
VisualStudioVersion = 15.0.27703.2035
MinimumVisualStudioVersion = 10.0.40219.1
Project("{FAE04EC0-301F-11D3-BF4B-00C04F79EFBC}") = "SistemaEncuestas", "SistemaEncuestas\SistemaEncuestas.csproj", "{F749E111-BD06-49D2-B809-C57C2C64196F}"
EndProject
Global
	GlobalSection(SolutionConfigurationPlatforms) = preSolution
		Debug|Any CPU = Debug|Any CPU
		Release|Any CPU = Release|Any CPU
	EndGlobalSection
	GlobalSection(ProjectConfigurationPlatforms) = postSolution
		{F749E111-BD06-49D2-B809-C57C2C64196F}.Debug|Any CPU.ActiveCfg = Debug|Any CPU
		{F749E111-BD06-49D2-B809-C57C2C64196F}.Debug|Any CPU.Build.0 = Debug|Any CPU
		{F749E111-BD06-49D2-B809-C57C2C64196F}.Release|Any CPU.ActiveCfg = Release|Any CPU
		{F749E111-BD06-49D2-B809-C57C2C64196F}.Release|Any CPU.Build.0 = Release|Any CPU
	EndGlobalSection
	GlobalSection(SolutionProperties) = preSolution
		HideSolutionNode = FALSE
	EndGlobalSection
	GlobalSection(ExtensibilityGlobals) = postSolution
		SolutionGuid = {3515340A-717D-4213-B42D-7DFF4970C64D}
	EndGlobalSection
EndGlobal
